lockfileVersion: '9.0'

settings:
  autoInstallPeers: true
  excludeLinksFromLockfile: false

importers:

  .:
    dependencies:
      '@supabase/supabase-js':
        specifier: ^2.108.2
        version: 2.108.2
    devDependencies:
      prettier:
        specifier: ^3.0.0
        version: 3.8.4
      turbo:
        specifier: ^2.0.0
        version: 2.9.18
      typescript:
        specifier: ^5.4.0
        version: 5.9.3

packages:

  '@supabase/auth-js@2.108.2':
    resolution: {integrity: sha512-tNaQmBgodDZwgB40mRwVbxFy8IDYwjdpcZ0BYrWiwlULCSQoJj4QoG4zgJT7QRPXcqipefNOzvO/qAu4dF98ag==}
    engines: {node: '>=20.0.0'}

  '@supabase/functions-js@2.108.2':
    resolution: {integrity: sha512-RNUX8EiBy3iLwAX19jtRzLyePnl11/fHcgwDHLnpKcDSXt/5qBnh3LUwAtIjT21Q66QsmNUR2esrHziLCpNubw==}
    engines: {node: '>=20.0.0'}

  '@supabase/phoenix@0.4.3':
    resolution: {integrity: sha512-jZL/2uPEiK58RFJ+7rctex60AHTdtVWwqw4cqu+5JGrXdu/ZM7ZwttO+yRsRN/E/Xik6s+tmbvH7XAQux4m9nQ==}

  '@supabase/postgrest-js@2.108.2':
    resolution: {integrity: sha512-GQ28/Y8hk3CFmkb3kXH1h/AQx6JIYSQfO0CJMRVBcEKZoNy6C45cXAZ4fcJvRC5Id0cs6xnkUV0+c0rIocigsw==}
    engines: {node: '>=20.0.0'}

  '@supabase/realtime-js@2.108.2':
    resolution: {integrity: sha512-aAGxCSUemZvQIibnCdvNvgaKib28I4rfrNjKbQ9cG1uBLwUsI7hVpGXgEbypCCDhLjQlDTAiJlu7rgljYUT73g==}
    engines: {node: '>=20.0.0'}

  '@supabase/storage-js@2.108.2':
    resolution: {integrity: sha512-TVZPQxXGxY2+A6yTtm77zUHsh70lBhYUEaJL8RQC+BghcX/ygiMG/rmXrNVBce30/WAeNPa8FiG8HbqlGeV05g==}
    engines: {node: '>=20.0.0'}

  '@supabase/supabase-js@2.108.2':
    resolution: {integrity: sha512-hFhnPveb5JQg4a0QYicM0swT253YHMdfeRAl2BKHOlI5VAzuHxUGSr8RbwNLYNPauWOgQMS1H8sz8bvYlgwUfQ==}
    engines: {node: '>=20.0.0'}

  '@turbo/darwin-64@2.9.18':
    resolution: {integrity: sha512-9f27peFu16ur8c0v9nUFUEyBnbKuuFsUTjHFWfmwGfzySBXbHwzU44QhZon6Mznz0cHsIr3984NQj/bVrnGSRw==}
    cpu: [x64]
    os: [darwin]

  '@turbo/darwin-arm64@2.9.18':
    resolution: {integrity: sha512-9A6TMRq/Ib+QnbhLlgkhOm+624wO4pzSQ/yQviQfWHOlFvaYxdnIAYmu2H6TS6y7kSVL0DvzNe04NbESTOzFVQ==}
    cpu: [arm64]
    os: [darwin]

  '@turbo/linux-64@2.9.18':
    resolution: {integrity: sha512-zCdIDtz69AnbYh913elJRRoF3QY5aa2HNnf+4rAkc7bQ+tWujiDkCNV7stazOUPggaDvhKIf2Z87qHftTeXSkw==}
    cpu: [x64]
    os: [linux]

  '@turbo/linux-arm64@2.9.18':
    resolution: {integrity: sha512-Va1kXI04naMgYwqv/5Dfa36dTDx8015U7oaQAjrXa45ua9OoFjSV4OmvkML4EmXvUclQHCiBRbY8bvd0jV7eAg==}
    cpu: [arm64]
    os: [linux]

  '@turbo/windows-64@2.9.18':
    resolution: {integrity: sha512-m0kDhZANxSNz9ck1ybogFscHabriAsp4eDFNrN/1H5WrgTF7b3VlcPZnhuO3v2+E2KnCbeAc+UUT10BZZHdDKw==}
    cpu: [x64]
    os: [win32]

  '@turbo/windows-arm64@2.9.18':
    resolution: {integrity: sha512-nUdR8WqoomUys9iIQmG45TMiizJ+5BV8egSeLLZba/AWblyp3fVBcIH1kSE58OtK4g2YzbMJEth6Ttv9w5rqMA==}
    cpu: [arm64]
    os: [win32]

  iceberg-js@0.8.1:
    resolution: {integrity: sha512-1dhVQZXhcHje7798IVM+xoo/1ZdVfzOMIc8/rgVSijRK38EDqOJoGula9N/8ZI5RD8QTxNQtK/Gozpr+qUqRRA==}
    engines: {node: '>=20.0.0'}

  prettier@3.8.4:
    resolution: {integrity: sha512-N2MylSdi48+5N/6S5j+maeHbUSIzzZ5uOcX5Hm4QpV8Dkb1HFjfAKTKX6yNPJQD9AhcT3ifHNB66tWTTJDi11Q==}
    engines: {node: '>=14'}
    hasBin: true

  tslib@2.8.1:
    resolution: {integrity: sha512-oJFu94HQb+KVduSUQL7wnpmqnfmLsOA/nAh6b6EH0wCEoK0/mPeXU6c3wKDV83MkOuHPRHtSXKKU99IBazS/2w==}

  turbo@2.9.18:
    resolution: {integrity: sha512-bwabv6PupzeavybzEoArBAkwq5fnzwf8OFnRtpHwnviFWuwJPFxtyH+aVp36TmIqK3aYYgtTJ3J0m2ysxxSzQg==}
    hasBin: true

  typescript@5.9.3:
    resolution: {integrity: sha512-jl1vZzPDinLr9eUt3J/t7V6FgNEw9QjvBPdysz9KfQDD41fQrC2Y4vKQdiaUpFT4bXlb1RHhLpp8wtm6M5TgSw==}
    engines: {node: '>=14.17'}
    hasBin: true

snapshots:

  '@supabase/auth-js@2.108.2':
    dependencies:
      tslib: 2.8.1

  '@supabase/functions-js@2.108.2':
    dependencies:
      tslib: 2.8.1

  '@supabase/phoenix@0.4.3': {}

  '@supabase/postgrest-js@2.108.2':
    dependencies:
      tslib: 2.8.1

  '@supabase/realtime-js@2.108.2':
    dependencies:
      '@supabase/phoenix': 0.4.3
      tslib: 2.8.1

  '@supabase/storage-js@2.108.2':
    dependencies:
      iceberg-js: 0.8.1
      tslib: 2.8.1

  '@supabase/supabase-js@2.108.2':
    dependencies:
      '@supabase/auth-js': 2.108.2
      '@supabase/functions-js': 2.108.2
      '@supabase/postgrest-js': 2.108.2
      '@supabase/realtime-js': 2.108.2
      '@supabase/storage-js': 2.108.2

  '@turbo/darwin-64@2.9.18':
    optional: true

  '@turbo/darwin-arm64@2.9.18':
    optional: true

  '@turbo/linux-64@2.9.18':
    optional: true

  '@turbo/linux-arm64@2.9.18':
    optional: true

  '@turbo/windows-64@2.9.18':
    optional: true

  '@turbo/windows-arm64@2.9.18':
    optional: true

  iceberg-js@0.8.1: {}

  prettier@3.8.4: {}

  tslib@2.8.1: {}

  turbo@2.9.18:
    optionalDependencies:
      '@turbo/darwin-64': 2.9.18
      '@turbo/darwin-arm64': 2.9.18
      '@turbo/linux-64': 2.9.18
      '@turbo/linux-arm64': 2.9.18
      '@turbo/windows-64': 2.9.18
      '@turbo/windows-arm64': 2.9.18

  typescript@5.9.3: {}
